// !$*UTF8*$!
{
	archiveVersion = 1;
	classes = {
	};
	objectVersion = 55;
	objects = {

/* Begin PBXBuildFile section */
		044CC4F5284EF48400784D0C /* WeSplitApp.swift in Sources */ = {isa = PBXBuildFile; fileRef = 044CC4F4284EF48400784D0C /* WeSplitApp.swift */; };
		044CC4F7284EF48400784D0C /* ContentView.swift in Sources */ = {isa = PBXBuildFile; fileRef = 044CC4F6284EF48400784D0C /* ContentView.swift */; };
		044CC4F9284EF48500784D0C /* Assets.xcassets in Resources */ = {isa = PBXBuildFile; fileRef = 044CC4F8284EF48500784D0C /* Assets.xcassets */; };
		044CC4FC284EF48500784D0C /* Preview Assets.xcassets in Resources */ = {isa = PBXBuildFile; fileRef = 044CC4FB284EF48500784D0C /* Preview Assets.xcassets */; };
		044CC506284EF48500784D0C /* WeSplitTests.swift in Sources */ = {isa = PBXBuildFile; fileRef = 044CC505284EF48500784D0C /* WeSplitTests.swift */; };
		044CC510284EF48500784D0C /* WeSplitUITests.swift in Sources */ = {isa = PBXBuildFile; fileRef = 044CC50F284EF48500784D0C /* WeSplitUITests.swift */; };
		044CC512284EF48500784D0C /* WeSplitUITestsLaunchTests.swift in Sources */ = {isa = PBXBuildFile; fileRef = 044CC511284EF48500784D0C /* WeSplitUITestsLaunchTests.swift */; };
		044CC51F284EF7A500784D0C /* TipCalculatorTests.swift in Sources */ = {isa = PBXBuildFile; fileRef = 044CC51E284EF7A500784D0C /* TipCalculatorTests.swift */; };
		044CC521284EFA5E00784D0C /* TipCalculator.swift in Sources */ = {isa = PBXBuildFile; fileRef = 044CC520284EFA5E00784D0C /* TipCalculator.swift */; };
		044CC523284EFD1400784D0C /* CheckSplitterTests.swift in Sources */ = {isa = PBXBuildFile; fileRef = 044CC522284EFD1400784D0C /* CheckSplitterTests.swift */; };
		044CC526284EFE2900784D0C /* CheckSplitter.swift in Sources */ = {isa = PBXBuildFile; fileRef = 044CC525284EFE2900784D0C /* CheckSplitter.swift */; };
		044CC528284F016900784D0C /* ContentViewTests.swift in Sources */ = {isa = PBXBuildFile; fileRef = 044CC527284F016900784D0C /* ContentViewTests.swift */; };
		044CC52B284F120300784D0C /* Localizable.strings in Resources */ = {isa = PBXBuildFile; fileRef = 044CC52D284F120300784D0C /* Localizable.strings */; };
/* End PBXBuildFile section */

/* Begin PBXContainerItemProxy section */
		044CC502284EF48500784D0C /* PBXContainerItemProxy */ = {
			isa = PBXContainerItemProxy;
			containerPortal = 044CC4E9284EF48400784D0C /* Project object */;
			proxyType = 1;
			remoteGlobalIDString = 044CC4F0284EF48400784D0C;
			remoteInfo = WeSplit;
		};
		044CC50C284EF48500784D0C /* PBXContainerItemProxy */ = {
			isa = PBXContainerItemProxy;
			containerPortal = 044CC4E9284EF48400784D0C /* Project object */;
			proxyType = 1;
			remoteGlobalIDString = 044CC4F0284EF48400784D0C;
			remoteInfo = WeSplit;
		};
/* End PBXContainerItemProxy section */

/* Begin PBXFileReference section */
		044CC4F1284EF48400784D0C /* WeSplit.app */ = {isa = PBXFileReference; explicitFileType = wrapper.application; includeInIndex = 0; path = WeSplit.app; sourceTree = BUILT_PRODUCTS_DIR; };
		044CC4F4284EF48400784D0C /* WeSplitApp.swift */ = {isa = PBXFileReference; lastKnownFileType = sourcecode.swift; path = WeSplitApp.swift; sourceTree = "<group>"; };
		044CC4F6284EF48400784D0C /* ContentView.swift */ = {isa = PBXFileReference; lastKnownFileType = sourcecode.swift; path = ContentView.swift; sourceTree = "<group>"; };
		044CC4F8284EF48500784D0C /* Assets.xcassets */ = {isa = PBXFileReference; lastKnownFileType = folder.assetcatalog; path = Assets.xcassets; sourceTree = "<group>"; };
		044CC4FB284EF48500784D0C /* Preview Assets.xcassets */ = {isa = PBXFileReference; lastKnownFileType = folder.assetcatalog; path = "Preview Assets.xcassets"; sourceTree = "<group>"; };
		044CC501284EF48500784D0C /* WeSplitTests.xctest */ = {isa = PBXFileReference; explicitFileType = wrapper.cfbundle; includeInIndex = 0; path = WeSplitTests.xctest; sourceTree = BUILT_PRODUCTS_DIR; };
		044CC505284EF48500784D0C /* WeSplitTests.swift */ = {isa = PBXFileReference; lastKnownFileType = sourcecode.swift; path = WeSplitTests.swift; sourceTree = "<group>"; };
		044CC50B284EF48500784D0C /* WeSplitUITests.xctest */ = {isa = PBXFileReference; explicitFileType = wrapper.cfbundle; includeInIndex = 0; path = WeSplitUITests.xctest; sourceTree = BUILT_PRODUCTS_DIR; };
		044CC50F284EF48500784D0C /* WeSplitUITests.swift */ = {isa = PBXFileReference; lastKnownFileType = sourcecode.swift; path = WeSplitUITests.swift; sourceTree = "<group>"; };
		044CC511284EF48500784D0C /* WeSplitUITestsLaunchTests.swift */ = {isa = PBXFileReference; lastKnownFileType = sourcecode.swift; path = WeSplitUITestsLaunchTests.swift; sourceTree = "<group>"; };
		044CC51E284EF7A500784D0C /* TipCalculatorTests.swift */ = {isa = PBXFileReference; lastKnownFileType = sourcecode.swift; path = TipCalculatorTests.swift; sourceTree = "<group>"; };
		044CC520284EFA5E00784D0C /* TipCalculator.swift */ = {isa = PBXFileReference; lastKnownFileType = sourcecode.swift; path = TipCalculator.swift; sourceTree = "<group>"; };
		044CC522284EFD1400784D0C /* CheckSplitterTests.swift */ = {isa = PBXFileReference; lastKnownFileType = sourcecode.swift; path = CheckSplitterTests.swift; sourceTree = "<group>"; };
		044CC525284EFE2900784D0C /* CheckSplitter.swift */ = {isa = PBXFileReference; lastKnownFileType = sourcecode.swift; path = CheckSplitter.swift; sourceTree = "<group>"; };
		044CC527284F016900784D0C /* ContentViewTests.swift */ = {isa = PBXFileReference; lastKnownFileType = sourcecode.swift; path = ContentViewTests.swift; sourceTree = "<group>"; };
		044CC52C284F120300784D0C /* en */ = {isa = PBXFileReference; lastKnownFileType = text.plist.strings; name = en; path = en.lproj/Localizable.strings; sourceTree = "<group>"; };
		044CC52E284F123500784D0C /* zh-Hans */ = {isa = PBXFileReference; lastKnownFileType = text.plist.strings; name = "zh-Hans"; path = "zh-Hans.lproj/Localizable.strings"; sourceTree = "<group>"; };
/* End PBXFileReference section */

/* Begin PBXFrameworksBuildPhase section */
		044CC4EE284EF48400784D0C /* Frameworks */ = {
			isa = PBXFrameworksBuildPhase;
			buildActionMask = 2147483647;
			files = (
			);
			runOnlyForDeploymentPostprocessing = 0;
		};
		044CC4FE284EF48500784D0C /* Frameworks */ = {
			isa = PBXFrameworksBuildPhase;
			buildActionMask = 2147483647;
			files = (
			);
			runOnlyForDeploymentPostprocessing = 0;
		};
		044CC508284EF48500784D0C /* Frameworks */ = {
			isa = PBXFrameworksBuildPhase;
			buildActionMask = 2147483647;
			files = (
			);
			runOnlyForDeploymentPostprocessing = 0;
		};
/* End PBXFrameworksBuildPhase section */

/* Begin PBXGroup section */
		044CC4E8284EF48400784D0C = {
			isa = PBXGroup;
			children = (
				044CC4F3284EF48400784D0C /* WeSplit */,
				044CC504284EF48500784D0C /* WeSplitTests */,
				044CC50E284EF48500784D0C /* WeSplitUITests */,
				044CC4F2284EF48400784D0C /* Products */,
			);
			sourceTree = "<group>";
		};
		044CC4F2284EF48400784D0C /* Products */ = {
			isa = PBXGroup;
			children = (
				044CC4F1284EF48400784D0C /* WeSplit.app */,
				044CC501284EF48500784D0C /* WeSplitTests.xctest */,
				044CC50B284EF48500784D0C /* WeSplitUITests.xctest */,
			);
			name = Products;
			sourceTree = "<group>";
		};
		044CC4F3284EF48400784D0C /* WeSplit */ = {
			isa = PBXGroup;
			children = (
				044CC524284EFE1C00784D0C /* Utils */,
				044CC4F4284EF48400784D0C /* WeSplitApp.swift */,
				044CC4F6284EF48400784D0C /* ContentView.swift */,
				044CC4F8284EF48500784D0C /* Assets.xcassets */,
				044CC4FA284EF48500784D0C /* Preview Content */,
				044CC52D284F120300784D0C /* Localizable.strings */,
			);
			path = WeSplit;
			sourceTree = "<group>";
		};
		044CC4FA284EF48500784D0C /* Preview Content */ = {
			isa = PBXGroup;
			children = (
				044CC4FB284EF48500784D0C /* Preview Assets.xcassets */,
			);
			path = "Preview Content";
			sourceTree = "<group>";
		};
		044CC504284EF48500784D0C /* WeSplitTests */ = {
			isa = PBXGroup;
			children = (
				044CC527284F016900784D0C /* ContentViewTests.swift */,
				044CC522284EFD1400784D0C /* CheckSplitterTests.swift */,
				044CC51E284EF7A500784D0C /* TipCalculatorTests.swift */,
				044CC505284EF48500784D0C /* WeSplitTests.swift */,
			);
			path = WeSplitTests;
			sourceTree = "<group>";
		};
		044CC50E284EF48500784D0C /* WeSplitUITests */ = {
			isa = PBXGroup;
			children = (
				044CC50F284EF48500784D0C /* WeSplitUITests.swift */,
				044CC511284EF48500784D0C /* WeSplitUITestsLaunchTests.swift */,
			);
			path = WeSplitUITests;
			sourceTree = "<group>";
		};
		044CC524284EFE1C00784D0C /* Utils */ = {
			isa = PBXGroup;
			children = (
				044CC520284EFA5E00784D0C /* TipCalculator.swift */,
				044CC525284EFE2900784D0C /* CheckSplitter.swift */,
			);
			path = Utils;
			sourceTree = "<group>";
		};
/* End PBXGroup section */

/* Begin PBXNativeTarget section */
		044CC4F0284EF48400784D0C /* WeSplit */ = {
			isa = PBXNativeTarget;
			buildConfigurationList = 044CC515284EF48500784D0C /* Build configuration list for PBXNativeTarget "WeSplit" */;
			buildPhases = (
				044CC4ED284EF48400784D0C /* Sources */,
				044CC4EE284EF48400784D0C /* Frameworks */,
				044CC4EF284EF48400784D0C /* Resources */,
			);
			buildRules = (
			);
			dependencies = (
			);
			name = WeSplit;
			productName = WeSplit;
			productReference = 044CC4F1284EF48400784D0C /* WeSplit.app */;
			productType = "com.apple.product-type.application";
		};
		044CC500284EF48500784D0C /* WeSplitTests */ = {
			isa = PBXNativeTarget;
			buildConfigurationList = 044CC518284EF48500784D0C /* Build configuration list for PBXNativeTarget "WeSplitTests" */;
			buildPhases = (
				044CC4FD284EF48500784D0C /* Sources */,
				044CC4FE284EF48500784D0C /* Frameworks */,
				044CC4FF284EF48500784D0C /* Resources */,
			);
			buildRules = (
			);
			dependencies = (
				044CC503284EF48500784D0C /* PBXTargetDependency */,
			);
			name = WeSplitTests;
			productName = WeSplitTests;
			productReference = 044CC501284EF48500784D0C /* WeSplitTests.xctest */;
			productType = "com.apple.product-type.bundle.unit-test";
		};
		044CC50A284EF48500784D0C /* WeSplitUITests */ = {
			isa = PBXNativeTarget;
			buildConfigurationList = 044CC51B284EF48500784D0C /* Build configuration list for PBXNativeTarget "WeSplitUITests" */;
			buildPhases = (
				044CC507284EF48500784D0C /* Sources */,
				044CC508284EF48500784D0C /* Frameworks */,
				044CC509284EF48500784D0C /* Resources */,
			);
			buildRules = (
			);
			dependencies = (
				044CC50D284EF48500784D0C /* PBXTargetDependency */,
			);
			name = WeSplitUITests;
			productName = WeSplitUITests;
			productReference = 044CC50B284EF48500784D0C /* WeSplitUITests.xctest */;
			productType = "com.apple.product-type.bundle.ui-testing";
		};
/* End PBXNativeTarget section */

/* Begin PBXProject section */
		044CC4E9284EF48400784D0C /* Project object */ = {
			isa = PBXProject;
			attributes = {
				BuildIndependentTargetsInParallel = 1;
				LastSwiftUpdateCheck = 1340;
				LastUpgradeCheck = 1340;
				TargetAttributes = {
					044CC4F0284EF48400784D0C = {
						CreatedOnToolsVersion = 13.4.1;
					};
					044CC500284EF48500784D0C = {
						CreatedOnToolsVersion = 13.4.1;
						TestTargetID = 044CC4F0284EF48400784D0C;
					};
					044CC50A284EF48500784D0C = {
						CreatedOnToolsVersion = 13.4.1;
						TestTargetID = 044CC4F0284EF48400784D0C;
					};
				};
			};
			buildConfigurationList = 044CC4EC284EF48400784D0C /* Build configuration list for PBXProject "WeSplit" */;
			compatibilityVersion = "Xcode 13.0";
			developmentRegion = en;
			hasScannedForEncodings = 0;
			knownRegions = (
				en,
				Base,
				"zh-Hans",
			);
			mainGroup = 044CC4E8284EF48400784D0C;
			productRefGroup = 044CC4F2284EF48400784D0C /* Products */;
			projectDirPath = "";
			projectRoot = "";
			targets = (
				044CC4F0284EF48400784D0C /* WeSplit */,
				044CC500284EF48500784D0C /* WeSplitTests */,
				044CC50A284EF48500784D0C /* WeSplitUITests */,
			);
		};
/* End PBXProject section */

/* Begin PBXResourcesBuildPhase section */
		044CC4EF284EF48400784D0C /* Resources */ = {
			isa = PBXResourcesBuildPhase;
			buildActionMask = 2147483647;
			files = (
				044CC4FC284EF48500784D0C /* Preview Assets.xcassets in Resources */,
				044CC52B284F120300784D0C /* Localizable.strings in Resources */,
				044CC4F9284EF48500784D0C /* Assets.xcassets in Resources */,
			);
			runOnlyForDeploymentPostprocessing = 0;
		};
		044CC4FF284EF48500784D0C /* Resources */ = {
			isa = PBXResourcesBuildPhase;
			buildActionMask = 2147483647;
			files = (
			);
			runOnlyForDeploymentPostprocessing = 0;
		};
		044CC509284EF48500784D0C /* Resources */ = {
			isa = PBXResourcesBuildPhase;
			buildActionMask = 2147483647;
			files = (
			);
			runOnlyForDeploymentPostprocessing = 0;
		};
/* End PBXResourcesBuildPhase section */

/* Begin PBXSourcesBuildPhase section */
		044CC4ED284EF48400784D0C /* Sources */ = {
			isa = PBXSourcesBuildPhase;
			buildActionMask = 2147483647;
			files = (
				044CC521284EFA5E00784D0C /* TipCalculator.swift in Sources */,
				044CC4F7284EF48400784D0C /* ContentView.swift in Sources */,
				044CC4F5284EF48400784D0C /* WeSplitApp.swift in Sources */,
				044CC526284EFE2900784D0C /* CheckSplitter.swift in Sources */,
			);
			runOnlyForDeploymentPostprocessing = 0;
		};
		044CC4FD284EF48500784D0C /* Sources */ = {
			isa = PBXSourcesBuildPhase;
			buildActionMask = 2147483647;
			files = (
				044CC506284EF48500784D0C /* WeSplitTests.swift in Sources */,
				044CC51F284EF7A500784D0C /* TipCalculatorTests.swift in Sources */,
				044CC528284F016900784D0C /* ContentViewTests.swift in Sources */,
				044CC523284EFD1400784D0C /* CheckSplitterTests.swift in Sources */,
			);
			runOnlyForDeploymentPostprocessing = 0;
		};
		044CC507284EF48500784D0C /* Sources */ = {
			isa = PBXSourcesBuildPhase;
			buildActionMask = 2147483647;
			files = (
				044CC510284EF48500784D0C /* WeSplitUITests.swift in Sources */,
				044CC512284EF48500784D0C /* WeSplitUITestsLaunchTests.swift in Sources */,
			);
			runOnlyForDeploymentPostprocessing = 0;
		};
/* End PBXSourcesBuildPhase section */

/* Begin PBXTargetDependency section */
		044CC503284EF48500784D0C /* PBXTargetDependency */ = {
			isa = PBXTargetDependency;
			target = 044CC4F0284EF48400784D0C /* WeSplit */;
			targetProxy = 044CC502284EF48500784D0C /* PBXContainerItemProxy */;
		};
		044CC50D284EF48500784D0C /* PBXTargetDependency */ = {
			isa = PBXTargetDependency;
			target = 044CC4F0284EF48400784D0C /* WeSplit */;
			targetProxy = 044CC50C284EF48500784D0C /* PBXContainerItemProxy */;
		};
/* End PBXTargetDependency section */

/* Begin PBXVariantGroup section */
		044CC52D284F120300784D0C /* Localizable.strings */ = {
			isa = PBXVariantGroup;
			children = (
				044CC52C284F120300784D0C /* en */,
				044CC52E284F123500784D0C /* zh-Hans */,
			);
			name = Localizable.strings;
			sourceTree = "<group>";
		};
/* End PBXVariantGroup section */

/* Begin XCBuildConfiguration section */
		044CC513284EF48500784D0C /* Debug */ = {
			isa = XCBuildConfiguration;
			buildSettings = {
				ALWAYS_SEARCH_USER_PATHS = NO;
				CLANG_ANALYZER_LOCALIZABILITY_NONLOCALIZED = YES;
				CLANG_ANALYZER_NONNULL = YES;
				CLANG_ANALYZER_NUMBER_OBJECT_CONVERSION = YES_AGGRESSIVE;
				CLANG_CXX_LANGUAGE_STANDARD = "gnu++17";
				CLANG_ENABLE_MODULES = YES;
				CLANG_ENABLE_OBJC_ARC = YES;
				CLANG_ENABLE_OBJC_WEAK = YES;
				CLANG_WARN_BLOCK_CAPTURE_AUTORELEASING = YES;
				CLANG_WARN_BOOL_CONVERSION = YES;
				CLANG_WARN_COMMA = YES;
				CLANG_WARN_CONSTANT_CONVERSION = YES;
				CLANG_WARN_DEPRECATED_OBJC_IMPLEMENTATIONS = YES;
				CLANG_WARN_DIRECT_OBJC_ISA_USAGE = YES_ERROR;
				CLANG_WARN_DOCUMENTATION_COMMENTS = YES;
				CLANG_WARN_EMPTY_BODY = YES;
				CLANG_WARN_ENUM_CONVERSION = YES;
				CLANG_WARN_INFINITE_RECURSION = YES;
				CLANG_WARN_INT_CONVERSION = YES;
				CLANG_WARN_NON_LITERAL_NULL_CONVERSION = YES;
				CLANG_WARN_OBJC_IMPLICIT_RETAIN_SELF = YES;
				CLANG_WARN_OBJC_LITERAL_CONVERSION = YES;
				CLANG_WARN_OBJC_ROOT_CLASS = YES_ERROR;
				CLANG_WARN_QUOTED_INCLUDE_IN_FRAMEWORK_HEADER = YES;
				CLANG_WARN_RANGE_LOOP_ANALYSIS = YES;
				CLANG_WARN_STRICT_PROTOTYPES = YES;
				CLANG_WARN_SUSPICIOUS_MOVE = YES;
				CLANG_WARN_UNGUARDED_AVAILABILITY = YES_AGGRESSIVE;
				CLANG_WARN_UNREACHABLE_CODE = YES;
				CLANG_WARN__DUPLICATE_METHOD_MATCH = YES;
				COPY_PHASE_STRIP = NO;
				DEBUG_INFORMATION_FORMAT = dwarf;
				ENABLE_STRICT_OBJC_MSGSEND = YES;
				ENABLE_TESTABILITY = YES;
				GCC_C_LANGUAGE_STANDARD = gnu11;
				GCC_DYNAMIC_NO_PIC = NO;
				GCC_NO_COMMON_BLOCKS = YES;
				GCC_OPTIMIZATION_LEVEL = 0;
				GCC_PREPROCESSOR_DEFINITIONS = (
					"DEBUG=1",
					"$(inherited)",
				);
				GCC_WARN_64_TO_32_BIT_CONVERSION = YES;
				GCC_WARN_ABOUT_RETURN_TYPE = YES_ERROR;
				GCC_WARN_UNDECLARED_SELECTOR = YES;
				GCC_WARN_UNINITIALIZED_AUTOS = YES_AGGRESSIVE;
				GCC_WARN_UNUSED_FUNCTION = YES;
				GCC_WARN_UNUSED_VARIABLE = YES;
				IPHONEOS_DEPLOYMENT_TARGET = 15.5;
				MTL_ENABLE_DEBUG_INFO = INCLUDE_SOURCE;
				MTL_FAST_MATH = YES;
				ONLY_ACTIVE_ARCH = YES;
				SDKROOT = iphoneos;
				SWIFT_ACTIVE_COMPILATION_CONDITIONS = DEBUG;
				SWIFT_OPTIMIZATION_LEVEL = "-Onone";
			};
			name = Debug;
		};
		044CC514284EF48500784D0C /* Release */ = {
			isa = XCBuildConfiguration;
			buildSettings = {
				ALWAYS_SEARCH_USER_PATHS = NO;
				CLANG_ANALYZER_LOCALIZABILITY_NONLOCALIZED = YES;
				CLANG_ANALYZER_NONNULL = YES;
				CLANG_ANALYZER_NUMBER_OBJECT_CONVERSION = YES_AGGRESSIVE;
				CLANG_CXX_LANGUAGE_STANDARD = "gnu++17";
				CLANG_ENABLE_MODULES = YES;
				CLANG_ENABLE_OBJC_ARC = YES;
				CLANG_ENABLE_OBJC_WEAK = YES;
				CLANG_WARN_BLOCK_CAPTURE_AUTORELEASING = YES;
				CLANG_WARN_BOOL_CONVERSION = YES;
				CLANG_WARN_COMMA = YES;
				CLANG_WARN_CONSTANT_CONVERSION = YES;
				CLANG_WARN_DEPRECATED_OBJC_IMPLEMENTATIONS = YES;
				CLANG_WARN_DIRECT_OBJC_ISA_USAGE = YES_ERROR;
				CLANG_WARN_DOCUMENTATION_COMMENTS = YES;
				CLANG_WARN_EMPTY_BODY = YES;
				CLANG_WARN_ENUM_CONVERSION = YES;
				CLANG_WARN_INFINITE_RECURSION = YES;
				CLANG_WARN_INT_CONVERSION = YES;
				CLANG_WARN_NON_LITERAL_NULL_CONVERSION = YES;
				CLANG_WARN_OBJC_IMPLICIT_RETAIN_SELF = YES;
				CLANG_WARN_OBJC_LITERAL_CONVERSION = YES;
				CLANG_WARN_OBJC_ROOT_CLASS = YES_ERROR;
				CLANG_WARN_QUOTED_INCLUDE_IN_FRAMEWORK_HEADER = YES;
				CLANG_WARN_RANGE_LOOP_ANALYSIS = YES;
				CLANG_WARN_STRICT_PROTOTYPES = YES;
				CLANG_WARN_SUSPICIOUS_MOVE = YES;
				CLANG_WARN_UNGUARDED_AVAILABILITY = YES_AGGRESSIVE;
				CLANG_WARN_UNREACHABLE_CODE = YES;
				CLANG_WARN__DUPLICATE_METHOD_MATCH = YES;
				COPY_PHASE_STRIP = NO;
				DEBUG_INFORMATION_FORMAT = "dwarf-with-dsym";
				ENABLE_NS_ASSERTIONS = NO;
				ENABLE_STRICT_OBJC_MSGSEND = YES;
				GCC_C_LANGUAGE_STANDARD = gnu11;
				GCC_NO_COMMON_BLOCKS = YES;
				GCC_WARN_64_TO_32_BIT_CONVERSION = YES;
				GCC_WARN_ABOUT_RETURN_TYPE = YES_ERROR;
				GCC_WARN_UNDECLARED_SELECTOR = YES;
				GCC_WARN_UNINITIALIZED_AUTOS = YES_AGGRESSIVE;
				GCC_WARN_UNUSED_FUNCTION = YES;
				GCC_WARN_UNUSED_VARIABLE = YES;
				IPHONEOS_DEPLOYMENT_TARGET = 15.5;
				MTL_ENABLE_DEBUG_INFO = NO;
				MTL_FAST_MATH = YES;
				SDKROOT = iphoneos;
				SWIFT_COMPILATION_MODE = wholemodule;
				SWIFT_OPTIMIZATION_LEVEL = "-O";
				VALIDATE_PRODUCT = YES;
			};
			name = Release;
		};
		044CC516284EF48500784D0C /* Debug */ = {
			isa = XCBuildConfiguration;
			buildSettings = {
				ASSETCATALOG_COMPILER_APPICON_NAME = AppIcon;
				ASSETCATALOG_COMPILER_GLOBAL_ACCENT_COLOR_NAME = AccentColor;
				CODE_SIGN_STYLE = Automatic;
				CURRENT_PROJECT_VERSION = 1;
				DEVELOPMENT_ASSET_PATHS = "\"WeSplit/Preview Content\"";
				DEVELOPMENT_TEAM = 422Y4K9N6G;
				ENABLE_PREVIEWS = YES;
				GENERATE_INFOPLIST_FILE = YES;
				INFOPLIST_KEY_UIApplicationSceneManifest_Generation = YES;
				INFOPLIST_KEY_UIApplicationSupportsIndirectInputEvents = YES;
				INFOPLIST_KEY_UILaunchScreen_Generation = YES;
				INFOPLIST_KEY_UISupportedInterfaceOrientations_iPad = "UIInterfaceOrientationPortrait UIInterfaceOrientationPortraitUpsideDown UIInterfaceOrientationLandscapeLeft UIInterfaceOrientationLandscapeRight";
				INFOPLIST_KEY_UISupportedInterfaceOrientations_iPhone = "UIInterfaceOrientationPortrait UIInterfaceOrientationLandscapeLeft UIInterfaceOrientationLandscapeRight";
				LD_RUNPATH_SEARCH_PATHS = (
					"$(inherited)",
					"@executable_path/Frameworks",
				);
				MARKETING_VERSION = 1.0;
				PRODUCT_BUNDLE_IDENTIFIER = com.quillanmobilesolutions.WeSplit;
				PRODUCT_NAME = "$(TARGET_NAME)";
				SWIFT_EMIT_LOC_STRINGS = YES;
				SWIFT_VERSION = 5.0;
				TARGETED_DEVICE_FAMILY = "1,2";
			};
			name = Debug;
		};
		044CC517284EF48500784D0C /* Release */ = {
			isa = XCBuildConfiguration;
			buildSettings = {
				ASSETCATALOG_COMPILER_APPICON_NAME = AppIcon;
				ASSETCATALOG_COMPILER_GLOBAL_ACCENT_COLOR_NAME = AccentColor;
				CODE_SIGN_STYLE = Automatic;
				CURRENT_PROJECT_VERSION = 1;
				DEVELOPMENT_ASSET_PATHS = "\"WeSplit/Preview Content\"";
				DEVELOPMENT_TEAM = 422Y4K9N6G;
				ENABLE_PREVIEWS = YES;
				GENERATE_INFOPLIST_FILE = YES;
				INFOPLIST_KEY_UIApplicationSceneManifest_Generation = YES;
				INFOPLIST_KEY_UIApplicationSupportsIndirectInputEvents = YES;
				INFOPLIST_KEY_UILaunchScreen_Generation = YES;
				INFOPLIST_KEY_UISupportedInterfaceOrientations_iPad = "UIInterfaceOrientationPortrait UIInterfaceOrientationPortraitUpsideDown UIInterfaceOrientationLandscapeLeft UIInterfaceOrientationLandscapeRight";
				INFOPLIST_KEY_UISupportedInterfaceOrientations_iPhone = "UIInterfaceOrientationPortrait UIInterfaceOrientationLandscapeLeft UIInterfaceOrientationLandscapeRight";
				LD_RUNPATH_SEARCH_PATHS = (
					"$(inherited)",
					"@executable_path/Frameworks",
				);
				MARKETING_VERSION = 1.0;
				PRODUCT_BUNDLE_IDENTIFIER = com.quillanmobilesolutions.WeSplit;
				PRODUCT_NAME = "$(TARGET_NAME)";
				SWIFT_EMIT_LOC_STRINGS = YES;
				SWIFT_VERSION = 5.0;
				TARGETED_DEVICE_FAMILY = "1,2";
			};
			name = Release;
		};
		044CC519284EF48500784D0C /* Debug */ = {
			isa = XCBuildConfiguration;
			buildSettings = {
				ALWAYS_EMBED_SWIFT_STANDARD_LIBRARIES = YES;
				BUNDLE_LOADER = "$(TEST_HOST)";
				CODE_SIGN_STYLE = Automatic;
				CURRENT_PROJECT_VERSION = 1;
				DEVELOPMENT_TEAM = 422Y4K9N6G;
				GENERATE_INFOPLIST_FILE = YES;
				IPHONEOS_DEPLOYMENT_TARGET = 15.5;
				MARKETING_VERSION = 1.0;
				PRODUCT_BUNDLE_IDENTIFIER = com.quillanmobilesolutions.WeSplitTests;
				PRODUCT_NAME = "$(TARGET_NAME)";
				SWIFT_EMIT_LOC_STRINGS = NO;
				SWIFT_VERSION = 5.0;
				TARGETED_DEVICE_FAMILY = "1,2";
				TEST_HOST = "$(BUILT_PRODUCTS_DIR)/WeSplit.app/WeSplit";
			};
			name = Debug;
		};
		044CC51A284EF48500784D0C /* Release */ = {
			isa = XCBuildConfiguration;
			buildSettings = {
				ALWAYS_EMBED_SWIFT_STANDARD_LIBRARIES = YES;
				BUNDLE_LOADER = "$(TEST_HOST)";
				CODE_SIGN_STYLE = Automatic;
				CURRENT_PROJECT_VERSION = 1;
				DEVELOPMENT_TEAM = 422Y4K9N6G;
				GENERATE_INFOPLIST_FILE = YES;
				IPHONEOS_DEPLOYMENT_TARGET = 15.5;
				MARKETING_VERSION = 1.0;
				PRODUCT_BUNDLE_IDENTIFIER = com.quillanmobilesolutions.WeSplitTests;
				PRODUCT_NAME = "$(TARGET_NAME)";
				SWIFT_EMIT_LOC_STRINGS = NO;
				SWIFT_VERSION = 5.0;
				TARGETED_DEVICE_FAMILY = "1,2";
				TEST_HOST = "$(BUILT_PRODUCTS_DIR)/WeSplit.app/WeSplit";
			};
			name = Release;
		};
		044CC51C284EF48500784D0C /* Debug */ = {
			isa = XCBuildConfiguration;
			buildSettings = {
				ALWAYS_EMBED_SWIFT_STANDARD_LIBRARIES = YES;
				CODE_SIGN_STYLE = Automatic;
				CURRENT_PROJECT_VERSION = 1;
				DEVELOPMENT_TEAM = 422Y4K9N6G;
				GENERATE_INFOPLIST_FILE = YES;
				MARKETING_VERSION = 1.0;
				PRODUCT_BUNDLE_IDENTIFIER = com.quillanmobilesolutions.WeSplitUITests;
				PRODUCT_NAME = "$(TARGET_NAME)";
				SWIFT_EMIT_LOC_STRINGS = NO;
				SWIFT_VERSION = 5.0;
				TARGETED_DEVICE_FAMILY = "1,2";
				TEST_TARGET_NAME = WeSplit;
			};
			name = Debug;
		};
		044CC51D284EF48500784D0C /* Release */ = {
			isa = XCBuildConfiguration;
			buildSettings = {
				ALWAYS_EMBED_SWIFT_STANDARD_LIBRARIES = YES;
				CODE_SIGN_STYLE = Automatic;
				CURRENT_PROJECT_VERSION = 1;
				DEVELOPMENT_TEAM = 422Y4K9N6G;
				GENERATE_INFOPLIST_FILE = YES;
				MARKETING_VERSION = 1.0;
				PRODUCT_BUNDLE_IDENTIFIER = com.quillanmobilesolutions.WeSplitUITests;
				PRODUCT_NAME = "$(TARGET_NAME)";
				SWIFT_EMIT_LOC_STRINGS = NO;
				SWIFT_VERSION = 5.0;
				TARGETED_DEVICE_FAMILY = "1,2";
				TEST_TARGET_NAME = WeSplit;
			};
			name = Release;
		};
/* End XCBuildConfiguration section */

/* Begin XCConfigurationList section */
		044CC4EC284EF48400784D0C /* Build configuration list for PBXProject "WeSplit" */ = {
			isa = XCConfigurationList;
			buildConfigurations = (
				044CC513284EF48500784D0C /* Debug */,
				044CC514284EF48500784D0C /* Release */,
			);
			defaultConfigurationIsVisible = 0;
			defaultConfigurationName = Release;
		};
		044CC515284EF48500784D0C /* Build configuration list for PBXNativeTarget "WeSplit" */ = {
			isa = XCConfigurationList;
			buildConfigurations = (
				044CC516284EF48500784D0C /* Debug */,
				044CC517284EF48500784D0C /* Release */,
			);
			defaultConfigurationIsVisible = 0;
			defaultConfigurationName = Release;
		};
		044CC518284EF48500784D0C /* Build configuration list for PBXNativeTarget "WeSplitTests" */ = {
			isa = XCConfigurationList;
			buildConfigurations = (
				044CC519284EF48500784D0C /* Debug */,
				044CC51A284EF48500784D0C /* Release */,
			);
			defaultConfigurationIsVisible = 0;
			defaultConfigurationName = Release;
		};
		044CC51B284EF48500784D0C /* Build configuration list for PBXNativeTarget "WeSplitUITests" */ = {
			isa = XCConfigurationList;
			buildConfigurations = (
				044CC51C284EF48500784D0C /* Debug */,
				044CC51D284EF48500784D0C /* Release */,
			);
			defaultConfigurationIsVisible = 0;
			defaultConfigurationName = Release;
		};
/* End XCConfigurationList section */
	};
	rootObject = 044CC4E9284EF48400784D0C /* Project object */;
}
